<?xml version="1.0" encoding="utf-8"?>
<Project ToolsVersion="4.0" xmlns="http://schemas.microsoft.com/developer/msbuild/2003">
  <ItemGroup>
    <Filter Include="Source Files">
      <UniqueIdentifier>{4FC737F1-C7A5-4376-A066-2A32D752A2FF}</UniqueIdentifier>
      <Extensions>cpp;c;cc;cxx;def;odl;idl;hpj;bat;asm;asmx</Extensions>
    </Filter>
    <Filter Include="Header Files">
      <UniqueIdentifier>{93995380-89BD-4b04-88EB-625FBE52EBFB}</UniqueIdentifier>
      <Extensions>h;hpp;hxx;hm;inl;inc;xsd</Extensions>
    </Filter>
    <Filter Include="Resource Files">
      <UniqueIdentifier>{67DA6AB6-F800-4c08-8B7A-83BB121AAD01}</UniqueIdentifier>
      <Extensions>rc;ico;cur;bmp;dlg;rc2;rct;bin;rgs;gif;jpg;jpeg;jpe;resx;tiff;tif;png;wav;mfcribbon-ms</Extensions>
    </Filter>
    <Filter Include="Source Files\Views">
      <UniqueIdentifier>{7e2b37b0-a602-436a-bfd0-ebcedf5aa12e}</UniqueIdentifier>
    </Filter>
    <Filter Include="Source Files\Controllers">
      <UniqueIdentifier>{acc1e115-1309-4e04-a204-a0c485c3facd}</UniqueIdentifier>
    </Filter>
    <Filter Include="Source Files\Models">
      <UniqueIdentifier>{07b7e3a8-f8f5-46f4-bce6-1a24925b9073}</UniqueIdentifier>
    </Filter>
    <Filter Include="Header Files\Controllers">
      <UniqueIdentifier>{32a15de2-627f-4ba9-bba9-54994b28b7af}</UniqueIdentifier>
    </Filter>
    <Filter Include="Header Files\Models">
      <UniqueIdentifier>{6f210922-77b3-47ba-9c44-1cf4e1b009b6}</UniqueIdentifier>
    </Filter>
    <Filter Include="Header Files\Views">
      <UniqueIdentifier>{27fcc4ab-67ef-4152-8331-90c5124bd793}</UniqueIdentifier>
    </Filter>
    <Filter Include="Source Files\Misc">
      <UniqueIdentifier>{d5c88b90-c1e1-42b6-aa46-9a66f852e31e}</UniqueIdentifier>
    </Filter>
    <Filter Include="Header Files\Misc">
      <UniqueIdentifier>{33f39ae8-332b-4a82-96ca-1b341eb5ff5e}</UniqueIdentifier>
    </Filter>
    <Filter Include="Header Files\Content">
      <UniqueIdentifier>{4b2b1568-916f-4b76-a16a-2f8116d6d1e2}</UniqueIdentifier>
    </Filter>
    <Filter Include="Source Files\Content">
      <UniqueIdentifier>{f0d32bec-a089-47bf-9811-1ba807a12f1a}</UniqueIdentifier>
    </Filter>
  </ItemGroup>
  <ItemGroup>
    <ClCompile Include="main.cpp">
      <Filter>Source Files</Filter>
    </ClCompile>
    <ClCompile Include="RuneController.cpp">
      <Filter>Source Files\Controllers</Filter>
    </ClCompile>
    <ClCompile Include="RuneModel.cpp">
      <Filter>Source Files\Models</Filter>
    </ClCompile>
    <ClCompile Include="RuneView.cpp">
      <Filter>Source Files\Views</Filter>
    </ClCompile>
    <ClCompile Include="BoardController.cpp">
      <Filter>Source Files\Controllers</Filter>
    </ClCompile>
    <ClCompile Include="BoardView.cpp">
      <Filter>Source Files\Views</Filter>
    </ClCompile>
    <ClCompile Include="BoardModel.cpp">
      <Filter>Source Files\Models</Filter>
    </ClCompile>
    <ClCompile Include="eventWatcher.cpp">
      <Filter>Source Files</Filter>
    </ClCompile>
    <ClCompile Include="gamestateController.cpp">
      <Filter>Source Files\Controllers</Filter>
    </ClCompile>
    <ClCompile Include="gamestateModel.cpp">
      <Filter>Source Files\Models</Filter>
    </ClCompile>
    <ClCompile Include="gamestateView.cpp">
      <Filter>Source Files\Views</Filter>
    </ClCompile>
    <ClCompile Include="ActionBase.cpp">
      <Filter>Source Files\Misc</Filter>
    </ClCompile>
    <ClCompile Include="ActionHopperController.cpp">
      <Filter>Source Files\Controllers</Filter>
    </ClCompile>
    <ClCompile Include="ActionHopperModel.cpp">
      <Filter>Source Files\Models</Filter>
    </ClCompile>
    <ClCompile Include="ActionHopperView.cpp">
      <Filter>Source Files\Views</Filter>
    </ClCompile>
    <ClCompile Include="RendererBase.cpp">
      <Filter>Source Files</Filter>
    </ClCompile>
    <ClCompile Include="Animation.cpp">
      <Filter>Source Files</Filter>
    </ClCompile>
    <ClCompile Include="TestAnim.cpp">
      <Filter>Source Files</Filter>
    </ClCompile>
  </ItemGroup>
  <ItemGroup>
    <ClInclude Include="RuneController.h">
      <Filter>Header Files\Controllers</Filter>
    </ClInclude>
    <ClInclude Include="RuneModel.h">
      <Filter>Header Files\Models</Filter>
    </ClInclude>
    <ClInclude Include="RuneView.h">
      <Filter>Header Files\Views</Filter>
    </ClInclude>
    <ClInclude Include="BoardController.h">
      <Filter>Header Files\Controllers</Filter>
    </ClInclude>
    <ClInclude Include="BoardView.h">
      <Filter>Header Files\Views</Filter>
    </ClInclude>
    <ClInclude Include="BoardModel.h">
      <Filter>Header Files\Models</Filter>
    </ClInclude>
    <ClInclude Include="eventWatcher.h">
      <Filter>Header Files</Filter>
    </ClInclude>
    <ClInclude Include="gamestateController.h">
      <Filter>Header Files\Controllers</Filter>
    </ClInclude>
    <ClInclude Include="gamestateModel.h">
      <Filter>Header Files\Models</Filter>
    </ClInclude>
    <ClInclude Include="gamestateView.h">
      <Filter>Header Files\Views</Filter>
    </ClInclude>
    <ClInclude Include="ActionHopperView.h">
      <Filter>Header Files\Views</Filter>
    </ClInclude>
    <ClInclude Include="ActionHopperModel.h">
      <Filter>Header Files\Models</Filter>
    </ClInclude>
    <ClInclude Include="ActionHopperController.h">
      <Filter>Header Files\Controllers</Filter>
    </ClInclude>
    <ClInclude Include="ActionBase.h">
      <Filter>Header Files\Misc</Filter>
    </ClInclude>
    <ClInclude Include="RendererBase.h">
      <Filter>Header Files</Filter>
    </ClInclude>
    <ClInclude Include="Animation.h">
      <Filter>Header Files</Filter>
    </ClInclude>
    <ClInclude Include="TestAnim.h">
      <Filter>Header Files</Filter>
    </ClInclude>
  </ItemGroup>
</Project>